// !$*UTF8*$!
{
	archiveVersion = 1;
	classes = {
	};
	objectVersion = 48;
	objects = {

/* Begin PBXBuildFile section */
		143C5047839665F32631014F /* Pods_DemoRx.framework in Frameworks */ = {isa = PBXBuildFile; fileRef = F972F70002542A2A531D1012 /* Pods_DemoRx.framework */; };
		8D41706720B4F93E007A48BF /* AppDelegate.swift in Sources */ = {isa = PBXBuildFile; fileRef = 8D41706620B4F93E007A48BF /* AppDelegate.swift */; };
		8D41706920B4F93E007A48BF /* ViewController.swift in Sources */ = {isa = PBXBuildFile; fileRef = 8D41706820B4F93E007A48BF /* ViewController.swift */; };
		8D41706C20B4F93E007A48BF /* Main.storyboard in Resources */ = {isa = PBXBuildFile; fileRef = 8D41706A20B4F93E007A48BF /* Main.storyboard */; };
		8D41706E20B4F93E007A48BF /* Assets.xcassets in Resources */ = {isa = PBXBuildFile; fileRef = 8D41706D20B4F93E007A48BF /* Assets.xcassets */; };
		8D41707120B4F93E007A48BF /* LaunchScreen.storyboard in Resources */ = {isa = PBXBuildFile; fileRef = 8D41706F20B4F93E007A48BF /* LaunchScreen.storyboard */; };
/* End PBXBuildFile section */

/* Begin PBXFileReference section */
		3A53D5AB7285EF5BDB57DB3A /* Pods-DemoRx.release.xcconfig */ = {isa = PBXFileReference; includeInIndex = 1; lastKnownFileType = text.xcconfig; name = "Pods-DemoRx.release.xcconfig"; path = "Pods/Target Support Files/Pods-DemoRx/Pods-DemoRx.release.xcconfig"; sourceTree = "<group>"; };
		8D41706320B4F93E007A48BF /* DemoRx.app */ = {isa = PBXFileReference; explicitFileType = wrapper.application; includeInIndex = 0; path = DemoRx.app; sourceTree = BUILT_PRODUCTS_DIR; };
		8D41706620B4F93E007A48BF /* AppDelegate.swift */ = {isa = PBXFileReference; lastKnownFileType = sourcecode.swift; path = AppDelegate.swift; sourceTree = "<group>"; };
		8D41706820B4F93E007A48BF /* ViewController.swift */ = {isa = PBXFileReference; lastKnownFileType = sourcecode.swift; path = ViewController.swift; sourceTree = "<group>"; };
		8D41706B20B4F93E007A48BF /* Base */ = {isa = PBXFileReference; lastKnownFileType = file.storyboard; name = Base; path = Base.lproj/Main.storyboard; sourceTree = "<group>"; };
		8D41706D20B4F93E007A48BF /* Assets.xcassets */ = {isa = PBXFileReference; lastKnownFileType = folder.assetcatalog; path = Assets.xcassets; sourceTree = "<group>"; };
		8D41707020B4F93E007A48BF /* Base */ = {isa = PBXFileReference; lastKnownFileType = file.storyboard; name = Base; path = Base.lproj/LaunchScreen.storyboard; sourceTree = "<group>"; };
		8D41707220B4F93E007A48BF /* Info.plist */ = {isa = PBXFileReference; lastKnownFileType = text.plist.xml; path = Info.plist; sourceTree = "<group>"; };
		9D9C0B0D3DBA1B151B0E3386 /* Pods-DemoRx.debug.xcconfig */ = {isa = PBXFileReference; includeInIndex = 1; lastKnownFileType = text.xcconfig; name = "Pods-DemoRx.debug.xcconfig"; path = "Pods/Target Support Files/Pods-DemoRx/Pods-DemoRx.debug.xcconfig"; sourceTree = "<group>"; };
		F972F70002542A2A531D1012 /* Pods_DemoRx.framework */ = {isa = PBXFileReference; explicitFileType = wrapper.framework; includeInIndex = 0; path = Pods_DemoRx.framework; sourceTree = BUILT_PRODUCTS_DIR; };
/* End PBXFileReference section */

/* Begin PBXFrameworksBuildPhase section */
		8D41706020B4F93D007A48BF /* Frameworks */ = {
			isa = PBXFrameworksBuildPhase;
			buildActionMask = 2147483647;
			files = (
				143C5047839665F32631014F /* Pods_DemoRx.framework in Frameworks */,
			);
			runOnlyForDeploymentPostprocessing = 0;
		};
/* End PBXFrameworksBuildPhase section */

/* Begin PBXGroup section */
		7FD6600B1E25E1D802A128B9 /* Pods */ = {
			isa = PBXGroup;
			children = (
				9D9C0B0D3DBA1B151B0E3386 /* Pods-DemoRx.debug.xcconfig */,
				3A53D5AB7285EF5BDB57DB3A /* Pods-DemoRx.release.xcconfig */,
			);
			name = Pods;
			sourceTree = "<group>";
		};
		8D41705A20B4F93D007A48BF = {
			isa = PBXGroup;
			children = (
				8D41706520B4F93E007A48BF /* DemoRx */,
				8D41706420B4F93E007A48BF /* Products */,
				7FD6600B1E25E1D802A128B9 /* Pods */,
				EEA7BAB22A33FEA782B4E6BB /* Frameworks */,
			);
			sourceTree = "<group>";
		};
		8D41706420B4F93E007A48BF /* Products */ = {
			isa = PBXGroup;
			children = (
				8D41706320B4F93E007A48BF /* DemoRx.app */,
			);
			name = Products;
			sourceTree = "<group>";
		};
		8D41706520B4F93E007A48BF /* DemoRx */ = {
			isa = PBXGroup;
			children = (
				8D41706620B4F93E007A48BF /* AppDelegate.swift */,
				8D41706820B4F93E007A48BF /* ViewController.swift */,
				8D41706A20B4F93E007A48BF /* Main.storyboard */,
				8D41706D20B4F93E007A48BF /* Assets.xcassets */,
				8D41706F20B4F93E007A48BF /* LaunchScreen.storyboard */,
				8D41707220B4F93E007A48BF /* Info.plist */,
			);
			path = DemoRx;
			sourceTree = "<group>";
		};
		EEA7BAB22A33FEA782B4E6BB /* Frameworks */ = {
			isa = PBXGroup;
			children = (
				F972F70002542A2A531D1012 /* Pods_DemoRx.framework */,
			);
			name = Frameworks;
			sourceTree = "<group>";
		};
/* End PBXGroup section */

/* Begin PBXNativeTarget section */
		8D41706220B4F93D007A48BF /* DemoRx */ = {
			isa = PBXNativeTarget;
			buildConfigurationList = 8D41707520B4F93E007A48BF /* Build configuration list for PBXNativeTarget "DemoRx" */;
			buildPhases = (
				8DB7A05EA113B9FBD8C9FEAE /* [CP] Check Pods Manifest.lock */,
				8D41705F20B4F93D007A48BF /* Sources */,
				8D41706020B4F93D007A48BF /* Frameworks */,
				8D41706120B4F93D007A48BF /* Resources */,
				304C553761B25BA23ED13468 /* [CP] Embed Pods Frameworks */,
			);
			buildRules = (
			);
			dependencies = (
			);
			name = DemoRx;
			productName = DemoRx;
			productReference = 8D41706320B4F93E007A48BF /* DemoRx.app */;
			productType = "com.apple.product-type.application";
		};
/* End PBXNativeTarget section */

/* Begin PBXProject section */
		8D41705B20B4F93D007A48BF /* Project object */ = {
			isa = PBXProject;
			attributes = {
				LastSwiftUpdateCheck = 0920;
				LastUpgradeCheck = 0920;
				ORGANIZATIONNAME = khuc.d.m.nguyen;
				TargetAttributes = {
					8D41706220B4F93D007A48BF = {
						CreatedOnToolsVersion = 9.2;
						ProvisioningStyle = Automatic;
					};
				};
			};
			buildConfigurationList = 8D41705E20B4F93D007A48BF /* Build configuration list for PBXProject "DemoRx" */;
			compatibilityVersion = "Xcode 8.0";
			developmentRegion = en;
			hasScannedForEncodings = 0;
			knownRegions = (
				en,
				Base,
			);
			mainGroup = 8D41705A20B4F93D007A48BF;
			productRefGroup = 8D41706420B4F93E007A48BF /* Products */;
			projectDirPath = "";
			projectRoot = "";
			targets = (
				8D41706220B4F93D007A48BF /* DemoRx */,
			);
		};
/* End PBXProject section */

/* Begin PBXResourcesBuildPhase section */
		8D41706120B4F93D007A48BF /* Resources */ = {
			isa = PBXResourcesBuildPhase;
			buildActionMask = 2147483647;
			files = (
				8D41707120B4F93E007A48BF /* LaunchScreen.storyboard in Resources */,
				8D41706E20B4F93E007A48BF /* Assets.xcassets in Resources */,
				8D41706C20B4F93E007A48BF /* Main.storyboard in Resources */,
			);
			runOnlyForDeploymentPostprocessing = 0;
		};
/* End PBXResourcesBuildPhase section */

/* Begin PBXShellScriptBuildPhase section */
		304C553761B25BA23ED13468 /* [CP] Embed Pods Frameworks */ = {
			isa = PBXShellScriptBuildPhase;
			buildActionMask = 2147483647;
			files = (
			);
			inputPaths = (
				"${SRCROOT}/Pods/Target Support Files/Pods-DemoRx/Pods-DemoRx-frameworks.sh",
				"${BUILT_PRODUCTS_DIR}/RxCocoa/RxCocoa.framework",
				"${BUILT_PRODUCTS_DIR}/RxSwift/RxSwift.framework",
			);
			name = "[CP] Embed Pods Frameworks";
			outputPaths = (
				"${TARGET_BUILD_DIR}/${FRAMEWORKS_FOLDER_PATH}/RxCocoa.framework",
				"${TARGET_BUILD_DIR}/${FRAMEWORKS_FOLDER_PATH}/RxSwift.framework",
			);
			runOnlyForDeploymentPostprocessing = 0;
			shellPath = /bin/sh;
			shellScript = "\"${SRCROOT}/Pods/Target Support Files/Pods-DemoRx/Pods-DemoRx-frameworks.sh\"\n";
			showEnvVarsInLog = 0;
		};
		8DB7A05EA113B9FBD8C9FEAE /* [CP] Check Pods Manifest.lock */ = {
			isa = PBXShellScriptBuildPhase;
			buildActionMask = 2147483647;
			files = (
			);
			inputPaths = (
				"${PODS_PODFILE_DIR_PATH}/Podfile.lock",
				"${PODS_ROOT}/Manifest.lock",
			);
			name = "[CP] Check Pods Manifest.lock";
			outputPaths = (
				"$(DERIVED_FILE_DIR)/Pods-DemoRx-checkManifestLockResult.txt",
			);
			runOnlyForDeploymentPostprocessing = 0;
			shellPath = /bin/sh;
			shellScript = "diff \"${PODS_PODFILE_DIR_PATH}/Podfile.lock\" \"${PODS_ROOT}/Manifest.lock\" > /dev/null\nif [ $? != 0 ] ; then\n    # print error to STDERR\n    echo \"error: The sandbox is not in sync with the Podfile.lock. Run 'pod install' or update your CocoaPods installation.\" >&2\n    exit 1\nfi\n# This output is used by Xcode 'outputs' to avoid re-running this script phase.\necho \"SUCCESS\" > \"${SCRIPT_OUTPUT_FILE_0}\"\n";
			showEnvVarsInLog = 0;
		};
/* End PBXShellScriptBuildPhase section */

/* Begin PBXSourcesBuildPhase section */
		8D41705F20B4F93D007A48BF /* Sources */ = {
			isa = PBXSourcesBuildPhase;
			buildActionMask = 2147483647;
			files = (
				8D41706920B4F93E007A48BF /* ViewController.swift in Sources */,
				8D41706720B4F93E007A48BF /* AppDelegate.swift in Sources */,
			);
			runOnlyForDeploymentPostprocessing = 0;
		};
/* End PBXSourcesBuildPhase section */

/* Begin PBXVariantGroup section */
		8D41706A20B4F93E007A48BF /* Main.storyboard */ = {
			isa = PBXVariantGroup;
			children = (
				8D41706B20B4F93E007A48BF /* Base */,
			);
			name = Main.storyboard;
			sourceTree = "<group>";
		};
		8D41706F20B4F93E007A48BF /* LaunchScreen.storyboard */ = {
			isa = PBXVariantGroup;
			children = (
				8D41707020B4F93E007A48BF /* Base */,
			);
			name = LaunchScreen.storyboard;
			sourceTree = "<group>";
		};
/* End PBXVariantGroup section */

/* Begin XCBuildConfiguration section */
		8D41707320B4F93E007A48BF /* Debug */ = {
			isa = XCBuildConfiguration;
			buildSettings = {
				ALWAYS_SEARCH_USER_PATHS = NO;
				CLANG_ANALYZER_NONNULL = YES;
				CLANG_ANALYZER_NUMBER_OBJECT_CONVERSION = YES_AGGRESSIVE;
				CLANG_CXX_LANGUAGE_STANDARD = "gnu++14";
				CLANG_CXX_LIBRARY = "libc++";
				CLANG_ENABLE_MODULES = YES;
				CLANG_ENABLE_OBJC_ARC = YES;
				CLANG_WARN_BLOCK_CAPTURE_AUTORELEASING = YES;
				CLANG_WARN_BOOL_CONVERSION = YES;
				CLANG_WARN_COMMA = YES;
				CLANG_WARN_CONSTANT_CONVERSION = YES;
				CLANG_WARN_DIRECT_OBJC_ISA_USAGE = YES_ERROR;
				CLANG_WARN_DOCUMENTATION_COMMENTS = YES;
				CLANG_WARN_EMPTY_BODY = YES;
				CLANG_WARN_ENUM_CONVERSION = YES;
				CLANG_WARN_INFINITE_RECURSION = YES;
				CLANG_WARN_INT_CONVERSION = YES;
				CLANG_WARN_NON_LITERAL_NULL_CONVERSION = YES;
				CLANG_WARN_OBJC_LITERAL_CONVERSION = YES;
				CLANG_WARN_OBJC_ROOT_CLASS = YES_ERROR;
				CLANG_WARN_RANGE_LOOP_ANALYSIS = YES;
				CLANG_WARN_STRICT_PROTOTYPES = YES;
				CLANG_WARN_SUSPICIOUS_MOVE = YES;
				CLANG_WARN_UNGUARDED_AVAILABILITY = YES_AGGRESSIVE;
				CLANG_WARN_UNREACHABLE_CODE = YES;
				CLANG_WARN__DUPLICATE_METHOD_MATCH = YES;
				CODE_SIGN_IDENTITY = "iPhone Developer";
				COPY_PHASE_STRIP = NO;
				DEBUG_INFORMATION_FORMAT = dwarf;
				ENABLE_STRICT_OBJC_MSGSEND = YES;
				ENABLE_TESTABILITY = YES;
				GCC_C_LANGUAGE_STANDARD = gnu11;
				GCC_DYNAMIC_NO_PIC = NO;
				GCC_NO_COMMON_BLOCKS = YES;
				GCC_OPTIMIZATION_LEVEL = 0;
				GCC_PREPROCESSOR_DEFINITIONS = (
					"DEBUG=1",
					"$(inherited)",
				);
				GCC_WARN_64_TO_32_BIT_CONVERSION = YES;
				GCC_WARN_ABOUT_RETURN_TYPE = YES_ERROR;
				GCC_WARN_UNDECLARED_SELECTOR = YES;
				GCC_WARN_UNINITIALIZED_AUTOS = YES_AGGRESSIVE;
				GCC_WARN_UNUSED_FUNCTION = YES;
				GCC_WARN_UNUSED_VARIABLE = YES;
				IPHONEOS_DEPLOYMENT_TARGET = 11.2;
				MTL_ENABLE_DEBUG_INFO = YES;
				ONLY_ACTIVE_ARCH = YES;
				SDKROOT = iphoneos;
				SWIFT_ACTIVE_COMPILATION_CONDITIONS = DEBUG;
				SWIFT_OPTIMIZATION_LEVEL = "-Onone";
			};
			name = Debug;
		};
		8D41707420B4F93E007A48BF /* Release */ = {
			isa = XCBuildConfiguration;
			buildSettings = {
				ALWAYS_SEARCH_USER_PATHS = NO;
				CLANG_ANALYZER_NONNULL = YES;
				CLANG_ANALYZER_NUMBER_OBJECT_CONVERSION = YES_AGGRESSIVE;
				CLANG_CXX_LANGUAGE_STANDARD = "gnu++14";
				CLANG_CXX_LIBRARY = "libc++";
				CLANG_ENABLE_MODULES = YES;
				CLANG_ENABLE_OBJC_ARC = YES;
				CLANG_WARN_BLOCK_CAPTURE_AUTORELEASING = YES;
				CLANG_WARN_BOOL_CONVERSION = YES;
				CLANG_WARN_COMMA = YES;
				CLANG_WARN_CONSTANT_CONVERSION = YES;
				CLANG_WARN_DIRECT_OBJC_ISA_USAGE = YES_ERROR;
				CLANG_WARN_DOCUMENTATION_COMMENTS = YES;
				CLANG_WARN_EMPTY_BODY = YES;
				CLANG_WARN_ENUM_CONVERSION = YES;
				CLANG_WARN_INFINITE_RECURSION = YES;
				CLANG_WARN_INT_CONVERSION = YES;
				CLANG_WARN_NON_LITERAL_NULL_CONVERSION = YES;
				CLANG_WARN_OBJC_LITERAL_CONVERSION = YES;
				CLANG_WARN_OBJC_ROOT_CLASS = YES_ERROR;
				CLANG_WARN_RANGE_LOOP_ANALYSIS = YES;
				CLANG_WARN_STRICT_PROTOTYPES = YES;
				CLANG_WARN_SUSPICIOUS_MOVE = YES;
				CLANG_WARN_UNGUARDED_AVAILABILITY = YES_AGGRESSIVE;
				CLANG_WARN_UNREACHABLE_CODE = YES;
				CLANG_WARN__DUPLICATE_METHOD_MATCH = YES;
				CODE_SIGN_IDENTITY = "iPhone Developer";
				COPY_PHASE_STRIP = NO;
				DEBUG_INFORMATION_FORMAT = "dwarf-with-dsym";
				ENABLE_NS_ASSERTIONS = NO;
				ENABLE_STRICT_OBJC_MSGSEND = YES;
				GCC_C_LANGUAGE_STANDARD = gnu11;
				GCC_NO_COMMON_BLOCKS = YES;
				GCC_WARN_64_TO_32_BIT_CONVERSION = YES;
				GCC_WARN_ABOUT_RETURN_TYPE = YES_ERROR;
				GCC_WARN_UNDECLARED_SELECTOR = YES;
				GCC_WARN_UNINITIALIZED_AUTOS = YES_AGGRESSIVE;
				GCC_WARN_UNUSED_FUNCTION = YES;
				GCC_WARN_UNUSED_VARIABLE = YES;
				IPHONEOS_DEPLOYMENT_TARGET = 11.2;
				MTL_ENABLE_DEBUG_INFO = NO;
				SDKROOT = iphoneos;
				SWIFT_OPTIMIZATION_LEVEL = "-Owholemodule";
				VALIDATE_PRODUCT = YES;
			};
			name = Release;
		};
		8D41707620B4F93E007A48BF /* Debug */ = {
			isa = XCBuildConfiguration;
			baseConfigurationReference = 9D9C0B0D3DBA1B151B0E3386 /* Pods-DemoRx.debug.xcconfig */;
			buildSettings = {
				ASSETCATALOG_COMPILER_APPICON_NAME = AppIcon;
				CODE_SIGN_STYLE = Automatic;
				INFOPLIST_FILE = DemoRx/Info.plist;
				LD_RUNPATH_SEARCH_PATHS = "$(inherited) @executable_path/Frameworks";
				PRODUCT_BUNDLE_IDENTIFIER = framgia.DemoRx;
				PRODUCT_NAME = "$(TARGET_NAME)";
				SWIFT_VERSION = 4.0;
				TARGETED_DEVICE_FAMILY = "1,2";
			};
			name = Debug;
		};
		8D41707720B4F93E007A48BF /* Release */ = {
			isa = XCBuildConfiguration;
			baseConfigurationReference = 3A53D5AB7285EF5BDB57DB3A /* Pods-DemoRx.release.xcconfig */;
			buildSettings = {
				ASSETCATALOG_COMPILER_APPICON_NAME = AppIcon;
				CODE_SIGN_STYLE = Automatic;
				INFOPLIST_FILE = DemoRx/Info.plist;
				LD_RUNPATH_SEARCH_PATHS = "$(inherited) @executable_path/Frameworks";
				PRODUCT_BUNDLE_IDENTIFIER = framgia.DemoRx;
				PRODUCT_NAME = "$(TARGET_NAME)";
				SWIFT_VERSION = 4.0;
				TARGETED_DEVICE_FAMILY = "1,2";
			};
			name = Release;
		};
/* End XCBuildConfiguration section */

/* Begin XCConfigurationList section */
		8D41705E20B4F93D007A48BF /* Build configuration list for PBXProject "DemoRx" */ = {
			isa = XCConfigurationList;
			buildConfigurations = (
				8D41707320B4F93E007A48BF /* Debug */,
				8D41707420B4F93E007A48BF /* Release */,
			);
			defaultConfigurationIsVisible = 0;
			defaultConfigurationName = Release;
		};
		8D41707520B4F93E007A48BF /* Build configuration list for PBXNativeTarget "DemoRx" */ = {
			isa = XCConfigurationList;
			buildConfigurations = (
				8D41707620B4F93E007A48BF /* Debug */,
				8D41707720B4F93E007A48BF /* Release */,
			);
			defaultConfigurationIsVisible = 0;
			defaultConfigurationName = Release;
		};
/* End XCConfigurationList section */
	};
	rootObject = 8D41705B20B4F93D007A48BF /* Project object */;
}
